
Microsoft Visual Studio Solution File, Format Version 12.00
# Visual Studio 15
VisualStudioVersion = 15.0.28307.1267
MinimumVisualStudioVersion = 10.0.40219.1
Project("{8BC9CEB8-8B4A-11D0-8D11-00A0C91BC942}") = "luteconv", "luteconv.vcxproj", "{A992319B-54F6-4257-80DE-890A97981756}"
EndProject
Global
	GlobalSection(SolutionConfigurationPlatforms) = preSolution
		Debug|x64 = Debug|x64
		Debug|x86 = Debug|x86
		Release|x64 = Release|x64
		Release|x86 = Release|x86
	EndGlobalSection
	GlobalSection(ProjectConfigurationPlatforms) = postSolution
		{A992319B-54F6-4257-80DE-890A97981756}.Debug|x64.ActiveCfg = Debug|x64
		{A992319B-54F6-4257-80DE-890A97981756}.Debug|x64.Build.0 = Debug|x64
		{A992319B-54F6-4257-80DE-890A97981756}.Debug|x86.ActiveCfg = Debug|Win32
		{A992319B-54F6-4257-80DE-890A97981756}.Debug|x86.Build.0 = Debug|Win32
		{A992319B-54F6-4257-80DE-890A97981756}.Release|x64.ActiveCfg = Release|x64
		{A992319B-54F6-4257-80DE-890A97981756}.Release|x64.Build.0 = Release|x64
		{A992319B-54F6-4257-80DE-890A97981756}.Release|x86.ActiveCfg = Release|Win32
		{A992319B-54F6-4257-80DE-890A97981756}.Release|x86.Build.0 = Release|Win32
	EndGlobalSection
	GlobalSection(SolutionProperties) = preSolution
		HideSolutionNode = FALSE
	EndGlobalSection
	GlobalSection(ExtensibilityGlobals) = postSolution
		SolutionGuid = {ED4111F4-319E-4169-9ADE-DC84C048A7B7}
	EndGlobalSection
EndGlobal
